
Microsoft Visual Studio Solution File, Format Version 12.00
# Visual Studio Version 18
VisualStudioVersion = 18.1.11312.151
MinimumVisualStudioVersion = 10.0.40219.1
Project("{FAE04EC0-301F-11D3-BF4B-00C04F79EFBC}") = "SME.Sondagem.API", "src\SME.Sondagem.API\SME.Sondagem.API.csproj", "{AC608E57-8E0B-B9D9-D8E1-6BD249D70AF3}"
EndProject
Project("{FAE04EC0-301F-11D3-BF4B-00C04F79EFBC}") = "SME.Sondagem.Aplicacao", "src\SME.Sondagem.Aplicacao\SME.Sondagem.Aplicacao.csproj", "{E8333D34-6C76-07E5-41E2-D8FF47F0A925}"
EndProject
Project("{FAE04EC0-301F-11D3-BF4B-00C04F79EFBC}") = "SME.Sondagem.Dominio", "src\SME.Sondagem.Dominio\SME.Sondagem.Dominio.csproj", "{E020D928-C1B9-FD97-A673-56B9AF5C0F0C}"
EndProject
Project("{FAE04EC0-301F-11D3-BF4B-00C04F79EFBC}") = "SME.Sondagem.Infra", "src\SME.Sondagem.Infra\SME.Sondagem.Infra.csproj", "{768ECEA3-DDEB-22D1-BF47-AD709E23733A}"
EndProject
Project("{FAE04EC0-301F-11D3-BF4B-00C04F79EFBC}") = "SME.Sondagem.IoC", "src\SME.Sondagem.IoC\SME.Sondagem.IoC.csproj", "{401EE4C9-A774-27A5-9FB8-FFC0E7A8645D}"
EndProject
Project("{FAE04EC0-301F-11D3-BF4B-00C04F79EFBC}") = "SME.Sondagem.Dados", "src\SME.Sondagem.Dados\SME.Sondagem.Dados.csproj", "{27F8F958-7A90-8B6F-3784-F3C9F0185DDD}"
EndProject
Project("{2150E333-8FDC-42A3-9474-1A3956D46DE8}") = "src", "src", "{07FE4E07-9ADE-4444-86C6-E70F7DAFDB9C}"
EndProject
Project("{2150E333-8FDC-42A3-9474-1A3956D46DE8}") = "teste", "teste", "{22DB98CF-66FE-4DEE-82E3-4C4193383055}"
EndProject
Project("{FAE04EC0-301F-11D3-BF4B-00C04F79EFBC}") = "SME.Sondagem.API.Teste", "teste\SME.Sondagem.API.Teste\SME.Sondagem.API.Teste.csproj", "{429094E8-C9B4-47B8-851D-E0567137DCCE}"
EndProject
Project("{FAE04EC0-301F-11D3-BF4B-00C04F79EFBC}") = "SME.Sondagem.Aplicacao.Teste", "teste\SME.Sondagem.Aplicacao.Teste\SME.Sondagem.Aplicacao.Teste.csproj", "{95601731-2BFC-4666-8101-5793E7A904CE}"
EndProject
Project("{FAE04EC0-301F-11D3-BF4B-00C04F79EFBC}") = "SME.Sondagem.Dados.Teste", "teste\SME.Sondagem.Dados.Teste\SME.Sondagem.Dados.Teste.csproj", "{934C2BA1-5DF7-4A83-BD51-82CC2767E701}"
EndProject
Project("{FAE04EC0-301F-11D3-BF4B-00C04F79EFBC}") = "SME.Sondagem.Dominio.Teste", "teste\SME.Sondagem.Dominio.Teste\SME.Sondagem.Dominio.Teste.csproj", "{D5F84719-D0D1-4C83-B398-34B42DBD9322}"
EndProject
Project("{FAE04EC0-301F-11D3-BF4B-00C04F79EFBC}") = "SME.Sondagem.Infra.Teste", "teste\SME.Sondagem.Infra.Teste\SME.Sondagem.Infra.Teste.csproj", "{676CC7A2-E492-42C8-AA4A-CD04DD1F647A}"
EndProject
Project("{FAE04EC0-301F-11D3-BF4B-00C04F79EFBC}") = "SME.Sondagem.IoC.Teste", "teste\SME.Sondagem.IoC.Teste\SME.Sondagem.IoC.Teste.csproj", "{FF2E4CDC-D619-4E14-B419-6B19FBAE858C}"
EndProject
Global
	GlobalSection(SolutionConfigurationPlatforms) = preSolution
		Debug|Any CPU = Debug|Any CPU
		Release|Any CPU = Release|Any CPU
	EndGlobalSection
	GlobalSection(ProjectConfigurationPlatforms) = postSolution
		{AC608E57-8E0B-B9D9-D8E1-6BD249D70AF3}.Debug|Any CPU.ActiveCfg = Debug|Any CPU
		{AC608E57-8E0B-B9D9-D8E1-6BD249D70AF3}.Debug|Any CPU.Build.0 = Debug|Any CPU
		{AC608E57-8E0B-B9D9-D8E1-6BD249D70AF3}.Release|Any CPU.ActiveCfg = Release|Any CPU
		{AC608E57-8E0B-B9D9-D8E1-6BD249D70AF3}.Release|Any CPU.Build.0 = Release|Any CPU
		{E8333D34-6C76-07E5-41E2-D8FF47F0A925}.Debug|Any CPU.ActiveCfg = Debug|Any CPU
		{E8333D34-6C76-07E5-41E2-D8FF47F0A925}.Debug|Any CPU.Build.0 = Debug|Any CPU
		{E8333D34-6C76-07E5-41E2-D8FF47F0A925}.Release|Any CPU.ActiveCfg = Release|Any CPU
		{E8333D34-6C76-07E5-41E2-D8FF47F0A925}.Release|Any CPU.Build.0 = Release|Any CPU
		{E020D928-C1B9-FD97-A673-56B9AF5C0F0C}.Debug|Any CPU.ActiveCfg = Debug|Any CPU
		{E020D928-C1B9-FD97-A673-56B9AF5C0F0C}.Debug|Any CPU.Build.0 = Debug|Any CPU
		{E020D928-C1B9-FD97-A673-56B9AF5C0F0C}.Release|Any CPU.ActiveCfg = Release|Any CPU
		{E020D928-C1B9-FD97-A673-56B9AF5C0F0C}.Release|Any CPU.Build.0 = Release|Any CPU
		{768ECEA3-DDEB-22D1-BF47-AD709E23733A}.Debug|Any CPU.ActiveCfg = Debug|Any CPU
		{768ECEA3-DDEB-22D1-BF47-AD709E23733A}.Debug|Any CPU.Build.0 = Debug|Any CPU
		{768ECEA3-DDEB-22D1-BF47-AD709E23733A}.Release|Any CPU.ActiveCfg = Release|Any CPU
		{768ECEA3-DDEB-22D1-BF47-AD709E23733A}.Release|Any CPU.Build.0 = Release|Any CPU
		{401EE4C9-A774-27A5-9FB8-FFC0E7A8645D}.Debug|Any CPU.ActiveCfg = Debug|Any CPU
		{401EE4C9-A774-27A5-9FB8-FFC0E7A8645D}.Debug|Any CPU.Build.0 = Debug|Any CPU
		{401EE4C9-A774-27A5-9FB8-FFC0E7A8645D}.Release|Any CPU.ActiveCfg = Release|Any CPU
		{401EE4C9-A774-27A5-9FB8-FFC0E7A8645D}.Release|Any CPU.Build.0 = Release|Any CPU
		{27F8F958-7A90-8B6F-3784-F3C9F0185DDD}.Debug|Any CPU.ActiveCfg = Debug|Any CPU
		{27F8F958-7A90-8B6F-3784-F3C9F0185DDD}.Debug|Any CPU.Build.0 = Debug|Any CPU
		{27F8F958-7A90-8B6F-3784-F3C9F0185DDD}.Release|Any CPU.ActiveCfg = Release|Any CPU
		{27F8F958-7A90-8B6F-3784-F3C9F0185DDD}.Release|Any CPU.Build.0 = Release|Any CPU
		{429094E8-C9B4-47B8-851D-E0567137DCCE}.Debug|Any CPU.ActiveCfg = Debug|Any CPU
		{429094E8-C9B4-47B8-851D-E0567137DCCE}.Debug|Any CPU.Build.0 = Debug|Any CPU
		{429094E8-C9B4-47B8-851D-E0567137DCCE}.Release|Any CPU.ActiveCfg = Release|Any CPU
		{429094E8-C9B4-47B8-851D-E0567137DCCE}.Release|Any CPU.Build.0 = Release|Any CPU
		{95601731-2BFC-4666-8101-5793E7A904CE}.Debug|Any CPU.ActiveCfg = Debug|Any CPU
		{95601731-2BFC-4666-8101-5793E7A904CE}.Debug|Any CPU.Build.0 = Debug|Any CPU
		{95601731-2BFC-4666-8101-5793E7A904CE}.Release|Any CPU.ActiveCfg = Release|Any CPU
		{95601731-2BFC-4666-8101-5793E7A904CE}.Release|Any CPU.Build.0 = Release|Any CPU
		{934C2BA1-5DF7-4A83-BD51-82CC2767E701}.Debug|Any CPU.ActiveCfg = Debug|Any CPU
		{934C2BA1-5DF7-4A83-BD51-82CC2767E701}.Debug|Any CPU.Build.0 = Debug|Any CPU
		{934C2BA1-5DF7-4A83-BD51-82CC2767E701}.Release|Any CPU.ActiveCfg = Release|Any CPU
		{934C2BA1-5DF7-4A83-BD51-82CC2767E701}.Release|Any CPU.Build.0 = Release|Any CPU
		{D5F84719-D0D1-4C83-B398-34B42DBD9322}.Debug|Any CPU.ActiveCfg = Debug|Any CPU
		{D5F84719-D0D1-4C83-B398-34B42DBD9322}.Debug|Any CPU.Build.0 = Debug|Any CPU
		{D5F84719-D0D1-4C83-B398-34B42DBD9322}.Release|Any CPU.ActiveCfg = Release|Any CPU
		{D5F84719-D0D1-4C83-B398-34B42DBD9322}.Release|Any CPU.Build.0 = Release|Any CPU
		{676CC7A2-E492-42C8-AA4A-CD04DD1F647A}.Debug|Any CPU.ActiveCfg = Debug|Any CPU
		{676CC7A2-E492-42C8-AA4A-CD04DD1F647A}.Debug|Any CPU.Build.0 = Debug|Any CPU
		{676CC7A2-E492-42C8-AA4A-CD04DD1F647A}.Release|Any CPU.ActiveCfg = Release|Any CPU
		{676CC7A2-E492-42C8-AA4A-CD04DD1F647A}.Release|Any CPU.Build.0 = Release|Any CPU
		{FF2E4CDC-D619-4E14-B419-6B19FBAE858C}.Debug|Any CPU.ActiveCfg = Debug|Any CPU
		{FF2E4CDC-D619-4E14-B419-6B19FBAE858C}.Debug|Any CPU.Build.0 = Debug|Any CPU
		{FF2E4CDC-D619-4E14-B419-6B19FBAE858C}.Release|Any CPU.ActiveCfg = Release|Any CPU
		{FF2E4CDC-D619-4E14-B419-6B19FBAE858C}.Release|Any CPU.Build.0 = Release|Any CPU
	EndGlobalSection
	GlobalSection(SolutionProperties) = preSolution
		HideSolutionNode = FALSE
	EndGlobalSection
	GlobalSection(NestedProjects) = preSolution
		{AC608E57-8E0B-B9D9-D8E1-6BD249D70AF3} = {07FE4E07-9ADE-4444-86C6-E70F7DAFDB9C}
		{E8333D34-6C76-07E5-41E2-D8FF47F0A925} = {07FE4E07-9ADE-4444-86C6-E70F7DAFDB9C}
		{E020D928-C1B9-FD97-A673-56B9AF5C0F0C} = {07FE4E07-9ADE-4444-86C6-E70F7DAFDB9C}
		{768ECEA3-DDEB-22D1-BF47-AD709E23733A} = {07FE4E07-9ADE-4444-86C6-E70F7DAFDB9C}
		{401EE4C9-A774-27A5-9FB8-FFC0E7A8645D} = {07FE4E07-9ADE-4444-86C6-E70F7DAFDB9C}
		{27F8F958-7A90-8B6F-3784-F3C9F0185DDD} = {07FE4E07-9ADE-4444-86C6-E70F7DAFDB9C}
		{429094E8-C9B4-47B8-851D-E0567137DCCE} = {22DB98CF-66FE-4DEE-82E3-4C4193383055}
		{95601731-2BFC-4666-8101-5793E7A904CE} = {22DB98CF-66FE-4DEE-82E3-4C4193383055}
		{934C2BA1-5DF7-4A83-BD51-82CC2767E701} = {22DB98CF-66FE-4DEE-82E3-4C4193383055}
		{D5F84719-D0D1-4C83-B398-34B42DBD9322} = {22DB98CF-66FE-4DEE-82E3-4C4193383055}
		{676CC7A2-E492-42C8-AA4A-CD04DD1F647A} = {22DB98CF-66FE-4DEE-82E3-4C4193383055}
		{FF2E4CDC-D619-4E14-B419-6B19FBAE858C} = {22DB98CF-66FE-4DEE-82E3-4C4193383055}
	EndGlobalSection
	GlobalSection(ExtensibilityGlobals) = postSolution
		SolutionGuid = {37634EAE-EE6C-4A4E-8C38-FCDD8A12A257}
	EndGlobalSection
EndGlobal
